
Microsoft Visual Studio Solution File, Format Version 12.00
# Visual Studio Version 17
VisualStudioVersion = 17.11.35431.28
MinimumVisualStudioVersion = 10.0.40219.1
Project("{9A19103F-16F7-4668-BE54-9A1E7A4F7556}") = "VinylVibeWeb", "ProjekatDotNet\VinylVibeWeb.csproj", "{DF5339C5-D0B2-4542-A27B-A54E323BC143}"
EndProject
Project("{9A19103F-16F7-4668-BE54-9A1E7A4F7556}") = "VinylVibe.DataAccess", "Projekat.DataAccess\VinylVibe.DataAccess.csproj", "{C3D64BD3-B83B-4DEB-A726-11F2916F549E}"
EndProject
Project("{9A19103F-16F7-4668-BE54-9A1E7A4F7556}") = "VinylVibe.Models", "Projekat.Models\VinylVibe.Models.csproj", "{65C866DE-8EB6-4931-8934-1EDD69EF0F44}"
EndProject
Project("{9A19103F-16F7-4668-BE54-9A1E7A4F7556}") = "VinylVibe.Utility", "Projekat.Utility\VinylVibe.Utility.csproj", "{723377A5-7B00-43A5-8AC6-60F635061EA0}"
EndProject
Project("{FAE04EC0-301F-11D3-BF4B-00C04F79EFBC}") = "VinylVibe.BusinessLogic", "VinylVibe.BusinessLogic\VinylVibe.BusinessLogic.csproj", "{FF22B67C-DC1A-4758-BEF1-44318AC71289}"
EndProject
Project("{FAE04EC0-301F-11D3-BF4B-00C04F79EFBC}") = "Tests", "Tests\Tests.csproj", "{8DF4E7A1-845B-4779-9455-0D05530416BA}"
EndProject
Project("{FAE04EC0-301F-11D3-BF4B-00C04F79EFBC}") = "TestEndToEnd", "TestEndToEnd\TestEndToEnd.csproj", "{D303536C-3E50-4B90-84D7-4E1B0A017132}"
EndProject
Global
	GlobalSection(SolutionConfigurationPlatforms) = preSolution
		Debug|Any CPU = Debug|Any CPU
		Release|Any CPU = Release|Any CPU
	EndGlobalSection
	GlobalSection(ProjectConfigurationPlatforms) = postSolution
		{DF5339C5-D0B2-4542-A27B-A54E323BC143}.Debug|Any CPU.ActiveCfg = Debug|Any CPU
		{DF5339C5-D0B2-4542-A27B-A54E323BC143}.Debug|Any CPU.Build.0 = Debug|Any CPU
		{DF5339C5-D0B2-4542-A27B-A54E323BC143}.Release|Any CPU.ActiveCfg = Release|Any CPU
		{DF5339C5-D0B2-4542-A27B-A54E323BC143}.Release|Any CPU.Build.0 = Release|Any CPU
		{C3D64BD3-B83B-4DEB-A726-11F2916F549E}.Debug|Any CPU.ActiveCfg = Debug|Any CPU
		{C3D64BD3-B83B-4DEB-A726-11F2916F549E}.Debug|Any CPU.Build.0 = Debug|Any CPU
		{C3D64BD3-B83B-4DEB-A726-11F2916F549E}.Release|Any CPU.ActiveCfg = Release|Any CPU
		{C3D64BD3-B83B-4DEB-A726-11F2916F549E}.Release|Any CPU.Build.0 = Release|Any CPU
		{65C866DE-8EB6-4931-8934-1EDD69EF0F44}.Debug|Any CPU.ActiveCfg = Debug|Any CPU
		{65C866DE-8EB6-4931-8934-1EDD69EF0F44}.Debug|Any CPU.Build.0 = Debug|Any CPU
		{65C866DE-8EB6-4931-8934-1EDD69EF0F44}.Release|Any CPU.ActiveCfg = Release|Any CPU
		{65C866DE-8EB6-4931-8934-1EDD69EF0F44}.Release|Any CPU.Build.0 = Release|Any CPU
		{723377A5-7B00-43A5-8AC6-60F635061EA0}.Debug|Any CPU.ActiveCfg = Debug|Any CPU
		{723377A5-7B00-43A5-8AC6-60F635061EA0}.Debug|Any CPU.Build.0 = Debug|Any CPU
		{723377A5-7B00-43A5-8AC6-60F635061EA0}.Release|Any CPU.ActiveCfg = Release|Any CPU
		{723377A5-7B00-43A5-8AC6-60F635061EA0}.Release|Any CPU.Build.0 = Release|Any CPU
		{FF22B67C-DC1A-4758-BEF1-44318AC71289}.Debug|Any CPU.ActiveCfg = Debug|Any CPU
		{FF22B67C-DC1A-4758-BEF1-44318AC71289}.Debug|Any CPU.Build.0 = Debug|Any CPU
		{FF22B67C-DC1A-4758-BEF1-44318AC71289}.Release|Any CPU.ActiveCfg = Release|Any CPU
		{FF22B67C-DC1A-4758-BEF1-44318AC71289}.Release|Any CPU.Build.0 = Release|Any CPU
		{8DF4E7A1-845B-4779-9455-0D05530416BA}.Debug|Any CPU.ActiveCfg = Debug|Any CPU
		{8DF4E7A1-845B-4779-9455-0D05530416BA}.Debug|Any CPU.Build.0 = Debug|Any CPU
		{8DF4E7A1-845B-4779-9455-0D05530416BA}.Release|Any CPU.ActiveCfg = Release|Any CPU
		{8DF4E7A1-845B-4779-9455-0D05530416BA}.Release|Any CPU.Build.0 = Release|Any CPU
		{D303536C-3E50-4B90-84D7-4E1B0A017132}.Debug|Any CPU.ActiveCfg = Debug|Any CPU
		{D303536C-3E50-4B90-84D7-4E1B0A017132}.Debug|Any CPU.Build.0 = Debug|Any CPU
		{D303536C-3E50-4B90-84D7-4E1B0A017132}.Release|Any CPU.ActiveCfg = Release|Any CPU
		{D303536C-3E50-4B90-84D7-4E1B0A017132}.Release|Any CPU.Build.0 = Release|Any CPU
	EndGlobalSection
	GlobalSection(SolutionProperties) = preSolution
		HideSolutionNode = FALSE
	EndGlobalSection
	GlobalSection(ExtensibilityGlobals) = postSolution
		SolutionGuid = {57AD3918-7F65-47AB-9328-37CAFF66CB3E}
	EndGlobalSection
EndGlobal
